PODS:
  - GCDWebServer (3.5.4):
    - GCDWebServer/Core (= 3.5.4)
  - GCDWebServer/Core (3.5.4)

DEPENDENCIES:
  - GCDWebServer (~> 3.0)

SPEC REPOS:
  trunk:
    - GCDWebServer

SPEC CHECKSUMS:
  GCDWebServer: 2c156a56c8226e2d5c0c3f208a3621ccffbe3ce4

PODFILE CHECKSUM: d74dc1bd72e891141b20b40952f3a71065b2cda0

COCOAPODS: 1.10.0
