{
  "object": {
    "pins": [
      {
        "package": "Swifter",
        "repositoryURL": "https://github.com/httpswift/swifter.git",
        "state": {
          "branch": "stable",
          "revision": "9483a5d459b45c3ffd059f7b55f9638e268632fd",
          "version": null
        }
      },
      {
        "package": "ZIPFoundation",
        "repositoryURL": "https://github.com/weichsel/ZIPFoundation.git",
        "state": {
          "branch": "master",
          "revision": "ec32d62d412578542c0ffb7a6ce34d3e64b43b94",
          "version": null
        }
      }
    ]
  },
  "version": 1
}
